{
    "_meta": {
        "hash": {
            "sha256": "cf2c17220deef891f384efa7219788b9992e031e843c6f02438a85a93ba88576"
        },
        "pipfile-spec": 6,
        "requires": {
            "python_version": "2.7"
        },
        "sources": [
            {
                "name": "pypi",
                "url": "https://pypi.org/simple",
                "verify_ssl": true
            }
        ]
    },
    "default": {
        "apscheduler": {
            "hashes": [
                "sha256:3b4b44387616902ad6d13122961013630eb25519937e5aa7c450de85656c9753"
            ],
            "index": "pypi",
            "version": "==2.1.0"
        },
        "boto": {
            "hashes": [
                "sha256:be7b58fb34a9ceb136c4aadcb3e1a926e8a3fde4ebcc55c940b8c69a9dcbba4a"
            ],
            "index": "pypi",
            "version": "==2.9.2"
        },
        "jinja2": {
            "hashes": [
                "sha256:03e47ad063331dd6a3f04a43eddca8a966a26ba0c5b7207a9a9e4e08f1b29419",
                "sha256:a6d58433de0ae800347cab1fa3043cebbabe8baa9d29e668f1c768cb87a333c6"
            ],
            "index": "pypi",
            "version": "==2.11.3"
        },
        "markupsafe": {
            "hashes": [
                "sha256:a4ec1aff59b95a14b45eb2e23761a0179e98319da5a7eb76b56ea8cdc7b871c3"
            ],
            "index": "pypi",
            "version": "==0.23"
        },
        "mock": {
            "hashes": [
                "sha256:8f83080daa249d036cbccfb8ae5cc6ff007b88d6d937521371afabe7b19badbc",
                "sha256:b839dd2d9c117c701430c149956918a423a9863b48b09c90e30a6013e7d2f44f"
            ],
            "index": "pypi",
            "version": "==1.0.1"
        },
        "python-dateutil": {
            "hashes": [
                "sha256:4c44ec3f9ff057b8c7b4c78beca5fdd8710600ea9a1df42f31bfcbae2f059dee"
            ],
            "index": "pypi",
            "version": "==2.1"
        },
        "six": {
            "hashes": [
                "sha256:f045afd6dffb755cc0411acb7ce9acc4de0e71261d4b5f91de2e68d9aa5f8367"
            ],
            "index": "pypi",
            "version": "==1.4.1"
        }
    },
    "develop": {
        "yapf": {
            "hashes": [
                "sha256:34f6f80c446dcb2c44bd644c4037a2024b6645e293a4c9c4521983dd0bb247a1",
                "sha256:613deba14233623ff3432d9d5032631b5f600be97b39f66932cbe67648bfa8ea"
            ],
            "index": "pypi",
            "version": "==0.27.0"
        }
    }
}
